
Microsoft Visual Studio Solution File, Format Version 12.00
# Visual Studio Version 17
VisualStudioVersion = 17.0.32126.317
MinimumVisualStudioVersion = 10.0.40219.1
Project("{9A19103F-16F7-4668-BE54-9A1E7A4F7556}") = "WebCv.Api", "api\WebCv.Api\WebCv.Api.csproj", "{D001E2CA-34AA-47E8-8823-6A873C572C7C}"
EndProject
Project("{E53339B2-1760-4266-BCC7-CA923CBCF16C}") = "docker-compose", "docker-compose.dcproj", "{99A2EFED-891C-41FD-967F-2FCED1BD31A1}"
EndProject
Project("{FAE04EC0-301F-11D3-BF4B-00C04F79EFBC}") = "WebCv.Api.Data", "api\WebCv.Api.Data\WebCv.Api.Data.csproj", "{2B321E13-8E95-4DCA-93AE-EC7B89C20BD2}"
EndProject
Project("{FAE04EC0-301F-11D3-BF4B-00C04F79EFBC}") = "WebCv.Api.Data.Services", "api\WebCv.Api.Data.Services\WebCv.Api.Data.Services.csproj", "{9A904474-EA5B-4516-8472-92F0FF1CD24A}"
EndProject
Global
	GlobalSection(SolutionConfigurationPlatforms) = preSolution
		Debug|Any CPU = Debug|Any CPU
		Release|Any CPU = Release|Any CPU
	EndGlobalSection
	GlobalSection(ProjectConfigurationPlatforms) = postSolution
		{D001E2CA-34AA-47E8-8823-6A873C572C7C}.Debug|Any CPU.ActiveCfg = Debug|Any CPU
		{D001E2CA-34AA-47E8-8823-6A873C572C7C}.Debug|Any CPU.Build.0 = Debug|Any CPU
		{D001E2CA-34AA-47E8-8823-6A873C572C7C}.Release|Any CPU.ActiveCfg = Release|Any CPU
		{D001E2CA-34AA-47E8-8823-6A873C572C7C}.Release|Any CPU.Build.0 = Release|Any CPU
		{99A2EFED-891C-41FD-967F-2FCED1BD31A1}.Debug|Any CPU.ActiveCfg = Debug|Any CPU
		{99A2EFED-891C-41FD-967F-2FCED1BD31A1}.Debug|Any CPU.Build.0 = Debug|Any CPU
		{99A2EFED-891C-41FD-967F-2FCED1BD31A1}.Release|Any CPU.ActiveCfg = Release|Any CPU
		{99A2EFED-891C-41FD-967F-2FCED1BD31A1}.Release|Any CPU.Build.0 = Release|Any CPU
		{2B321E13-8E95-4DCA-93AE-EC7B89C20BD2}.Debug|Any CPU.ActiveCfg = Debug|Any CPU
		{2B321E13-8E95-4DCA-93AE-EC7B89C20BD2}.Debug|Any CPU.Build.0 = Debug|Any CPU
		{2B321E13-8E95-4DCA-93AE-EC7B89C20BD2}.Release|Any CPU.ActiveCfg = Release|Any CPU
		{2B321E13-8E95-4DCA-93AE-EC7B89C20BD2}.Release|Any CPU.Build.0 = Release|Any CPU
		{9A904474-EA5B-4516-8472-92F0FF1CD24A}.Debug|Any CPU.ActiveCfg = Debug|Any CPU
		{9A904474-EA5B-4516-8472-92F0FF1CD24A}.Debug|Any CPU.Build.0 = Debug|Any CPU
		{9A904474-EA5B-4516-8472-92F0FF1CD24A}.Release|Any CPU.ActiveCfg = Release|Any CPU
		{9A904474-EA5B-4516-8472-92F0FF1CD24A}.Release|Any CPU.Build.0 = Release|Any CPU
	EndGlobalSection
	GlobalSection(SolutionProperties) = preSolution
		HideSolutionNode = FALSE
	EndGlobalSection
	GlobalSection(ExtensibilityGlobals) = postSolution
		SolutionGuid = {9ECE3806-31A8-4769-BD7B-E389185199D2}
	EndGlobalSection
EndGlobal
